
Microsoft Visual Studio Solution File, Format Version 12.00
# Visual Studio Version 16
VisualStudioVersion = 16.0.32228.343
MinimumVisualStudioVersion = 10.0.40219.1
Project("{9A19103F-16F7-4668-BE54-9A1E7A4F7556}") = "AccSaber", "AccSaber\AccSaber.csproj", "{06B53B81-A8BD-4122-9224-B12A4ED6734A}"
EndProject
Global
	GlobalSection(SolutionConfigurationPlatforms) = preSolution
		Debug|Any CPU = Debug|Any CPU
		Release|Any CPU = Release|Any CPU
	EndGlobalSection
	GlobalSection(ProjectConfigurationPlatforms) = postSolution
		{06B53B81-A8BD-4122-9224-B12A4ED6734A}.Debug|Any CPU.ActiveCfg = Debug|Any CPU
		{06B53B81-A8BD-4122-9224-B12A4ED6734A}.Debug|Any CPU.Build.0 = Debug|Any CPU
		{06B53B81-A8BD-4122-9224-B12A4ED6734A}.Release|Any CPU.ActiveCfg = Release|Any CPU
		{06B53B81-A8BD-4122-9224-B12A4ED6734A}.Release|Any CPU.Build.0 = Release|Any CPU
	EndGlobalSection
	GlobalSection(SolutionProperties) = preSolution
		HideSolutionNode = FALSE
	EndGlobalSection
	GlobalSection(ExtensibilityGlobals) = postSolution
		SolutionGuid = {009A04E9-39D8-4FAF-9DBD-8119D5194BDB}
	EndGlobalSection
EndGlobal
